
Microsoft Visual Studio Solution File, Format Version 12.00
# Visual Studio Version 16
VisualStudioVersion = 16.0.31702.278
MinimumVisualStudioVersion = 10.0.40219.1
Project("{FAE04EC0-301F-11D3-BF4B-00C04F79EFBC}") = "ProjetBanque", "ProjetBanque\ProjetBanque.csproj", "{696F07AB-71A7-449E-9E49-A40674C0C964}"
EndProject
Global
	GlobalSection(SolutionConfigurationPlatforms) = preSolution
		Debug|Any CPU = Debug|Any CPU
		Release|Any CPU = Release|Any CPU
	EndGlobalSection
	GlobalSection(ProjectConfigurationPlatforms) = postSolution
		{696F07AB-71A7-449E-9E49-A40674C0C964}.Debug|Any CPU.ActiveCfg = Debug|Any CPU
		{696F07AB-71A7-449E-9E49-A40674C0C964}.Debug|Any CPU.Build.0 = Debug|Any CPU
		{696F07AB-71A7-449E-9E49-A40674C0C964}.Release|Any CPU.ActiveCfg = Release|Any CPU
		{696F07AB-71A7-449E-9E49-A40674C0C964}.Release|Any CPU.Build.0 = Release|Any CPU
	EndGlobalSection
	GlobalSection(SolutionProperties) = preSolution
		HideSolutionNode = FALSE
	EndGlobalSection
	GlobalSection(ExtensibilityGlobals) = postSolution
		SolutionGuid = {891C7E0D-069D-4322-818E-4D9CFAAE4446}
	EndGlobalSection
EndGlobal
